
Microsoft Visual Studio Solution File, Format Version 12.00
# Visual Studio Version 17
VisualStudioVersion = 17.8.34525.116
MinimumVisualStudioVersion = 10.0.40219.1
Project("{2150E333-8FDC-42A3-9474-1A3956D46DE8}") = "src", "src", "{F28DF64D-F952-4319-A517-EB27907DB93F}"
EndProject
Project("{2150E333-8FDC-42A3-9474-1A3956D46DE8}") = "test", "test", "{2613501B-AB4F-47DF-BB78-D78FE565CC41}"
EndProject
Project("{9A19103F-16F7-4668-BE54-9A1E7A4F7556}") = "Trabea.DataAccess", "src\Trabea.DataAccess\Trabea.DataAccess.csproj", "{ABEE0194-B4E7-4E2B-878E-E9B3880BDB78}"
EndProject
Project("{9A19103F-16F7-4668-BE54-9A1E7A4F7556}") = "Trabea.Business", "src\Trabea.Business\Trabea.Business.csproj", "{D051E9A8-79FE-433C-898D-D1BA3D8566A7}"
EndProject
Project("{9A19103F-16F7-4668-BE54-9A1E7A4F7556}") = "Trabea.Presentasion.Web", "src\Trabea.Presentasion.Web\Trabea.Presentasion.Web.csproj", "{85E418ED-38CB-4C15-9F8D-71562657FFD2}"
EndProject
Project("{9A19103F-16F7-4668-BE54-9A1E7A4F7556}") = "Trabea.Presentasion.API", "src\Trabea.Presentasion.API\Trabea.Presentasion.API.csproj", "{CFBA7B55-23B6-42A1-A754-F109ACAAE170}"
EndProject
Project("{2150E333-8FDC-42A3-9474-1A3956D46DE8}") = "db", "db", "{6025EC08-0A87-41D4-8EFD-2E1484C63373}"
	ProjectSection(SolutionItems) = preProject
		..\..\Trabea.bak = ..\..\Trabea.bak
	EndProjectSection
EndProject
Global
	GlobalSection(SolutionConfigurationPlatforms) = preSolution
		Debug|Any CPU = Debug|Any CPU
		Release|Any CPU = Release|Any CPU
	EndGlobalSection
	GlobalSection(ProjectConfigurationPlatforms) = postSolution
		{ABEE0194-B4E7-4E2B-878E-E9B3880BDB78}.Debug|Any CPU.ActiveCfg = Debug|Any CPU
		{ABEE0194-B4E7-4E2B-878E-E9B3880BDB78}.Debug|Any CPU.Build.0 = Debug|Any CPU
		{ABEE0194-B4E7-4E2B-878E-E9B3880BDB78}.Release|Any CPU.ActiveCfg = Release|Any CPU
		{ABEE0194-B4E7-4E2B-878E-E9B3880BDB78}.Release|Any CPU.Build.0 = Release|Any CPU
		{D051E9A8-79FE-433C-898D-D1BA3D8566A7}.Debug|Any CPU.ActiveCfg = Debug|Any CPU
		{D051E9A8-79FE-433C-898D-D1BA3D8566A7}.Debug|Any CPU.Build.0 = Debug|Any CPU
		{D051E9A8-79FE-433C-898D-D1BA3D8566A7}.Release|Any CPU.ActiveCfg = Release|Any CPU
		{D051E9A8-79FE-433C-898D-D1BA3D8566A7}.Release|Any CPU.Build.0 = Release|Any CPU
		{85E418ED-38CB-4C15-9F8D-71562657FFD2}.Debug|Any CPU.ActiveCfg = Debug|Any CPU
		{85E418ED-38CB-4C15-9F8D-71562657FFD2}.Debug|Any CPU.Build.0 = Debug|Any CPU
		{85E418ED-38CB-4C15-9F8D-71562657FFD2}.Release|Any CPU.ActiveCfg = Release|Any CPU
		{85E418ED-38CB-4C15-9F8D-71562657FFD2}.Release|Any CPU.Build.0 = Release|Any CPU
		{CFBA7B55-23B6-42A1-A754-F109ACAAE170}.Debug|Any CPU.ActiveCfg = Debug|Any CPU
		{CFBA7B55-23B6-42A1-A754-F109ACAAE170}.Debug|Any CPU.Build.0 = Debug|Any CPU
		{CFBA7B55-23B6-42A1-A754-F109ACAAE170}.Release|Any CPU.ActiveCfg = Release|Any CPU
		{CFBA7B55-23B6-42A1-A754-F109ACAAE170}.Release|Any CPU.Build.0 = Release|Any CPU
	EndGlobalSection
	GlobalSection(SolutionProperties) = preSolution
		HideSolutionNode = FALSE
	EndGlobalSection
	GlobalSection(NestedProjects) = preSolution
		{ABEE0194-B4E7-4E2B-878E-E9B3880BDB78} = {F28DF64D-F952-4319-A517-EB27907DB93F}
		{D051E9A8-79FE-433C-898D-D1BA3D8566A7} = {F28DF64D-F952-4319-A517-EB27907DB93F}
		{85E418ED-38CB-4C15-9F8D-71562657FFD2} = {F28DF64D-F952-4319-A517-EB27907DB93F}
		{CFBA7B55-23B6-42A1-A754-F109ACAAE170} = {F28DF64D-F952-4319-A517-EB27907DB93F}
		{6025EC08-0A87-41D4-8EFD-2E1484C63373} = {F28DF64D-F952-4319-A517-EB27907DB93F}
	EndGlobalSection
	GlobalSection(ExtensibilityGlobals) = postSolution
		SolutionGuid = {AB3653DA-D848-4A71-B66F-079BBDD70BE7}
	EndGlobalSection
EndGlobal
